Microsoft Visual Studio Solution File, Format Version 12.00
# Visual Studio Version 16
VisualStudioVersion = 16.0.29806.167
MinimumVisualStudioVersion = 10.0.40219.1
Project("{8BC9CEB8-8B4A-11D0-8D11-00A0C91BC942}") = "EQ2World", "VC10Projects\EQ2World.vcxproj", "{FC063D75-089D-4470-B255-032A80DE3CCE}"
EndProject
Project("{8BC9CEB8-8B4A-11D0-8D11-00A0C91BC942}") = "EQ2 Login", "..\source\LoginServer\Login.vcxproj", "{BE2C1914-FCCC-4F65-A7DD-105142B36104}"
EndProject
Global
	GlobalSection(SolutionConfigurationPlatforms) = preSolution
		Debug|Win32 = Debug|Win32
		Debug|x64 = Debug|x64
		EQ2Login|Win32 = EQ2Login|Win32
		EQ2Login|x64 = EQ2Login|x64
		Release|Win32 = Release|Win32
		Release|x64 = Release|x64
	EndGlobalSection
	GlobalSection(ProjectConfigurationPlatforms) = postSolution
		{FC063D75-089D-4470-B255-032A80DE3CCE}.Debug|Win32.ActiveCfg = Debug|Win32
		{FC063D75-089D-4470-B255-032A80DE3CCE}.Debug|Win32.Build.0 = Debug|Win32
		{FC063D75-089D-4470-B255-032A80DE3CCE}.Debug|x64.ActiveCfg = Debug|x64
		{FC063D75-089D-4470-B255-032A80DE3CCE}.Debug|x64.Build.0 = Debug|x64
		{FC063D75-089D-4470-B255-032A80DE3CCE}.EQ2Login|Win32.ActiveCfg = Release|Win32
		{FC063D75-089D-4470-B255-032A80DE3CCE}.EQ2Login|Win32.Build.0 = Release|Win32
		{FC063D75-089D-4470-B255-032A80DE3CCE}.EQ2Login|x64.ActiveCfg = Release|x64
		{FC063D75-089D-4470-B255-032A80DE3CCE}.EQ2Login|x64.Build.0 = Release|x64
		{FC063D75-089D-4470-B255-032A80DE3CCE}.Release|Win32.ActiveCfg = Release|Win32
		{FC063D75-089D-4470-B255-032A80DE3CCE}.Release|Win32.Build.0 = Release|Win32
		{FC063D75-089D-4470-B255-032A80DE3CCE}.Release|x64.ActiveCfg = Release|x64
		{FC063D75-089D-4470-B255-032A80DE3CCE}.Release|x64.Build.0 = Release|x64
		{BE2C1914-FCCC-4F65-A7DD-105142B36104}.Debug|Win32.ActiveCfg = EQ2Login|Win32
		{BE2C1914-FCCC-4F65-A7DD-105142B36104}.Debug|Win32.Build.0 = EQ2Login|Win32
		{BE2C1914-FCCC-4F65-A7DD-105142B36104}.Debug|x64.ActiveCfg = EQ2Login|Win32
		{BE2C1914-FCCC-4F65-A7DD-105142B36104}.Debug|x64.Build.0 = EQ2Login|Win32
		{BE2C1914-FCCC-4F65-A7DD-105142B36104}.EQ2Login|Win32.ActiveCfg = EQ2Login|Win32
		{BE2C1914-FCCC-4F65-A7DD-105142B36104}.EQ2Login|Win32.Build.0 = EQ2Login|Win32
		{BE2C1914-FCCC-4F65-A7DD-105142B36104}.EQ2Login|x64.ActiveCfg = EQ2Login|Win32
		{BE2C1914-FCCC-4F65-A7DD-105142B36104}.Release|Win32.ActiveCfg = EQ2Login|Win32
		{BE2C1914-FCCC-4F65-A7DD-105142B36104}.Release|Win32.Build.0 = EQ2Login|Win32
		{BE2C1914-FCCC-4F65-A7DD-105142B36104}.Release|x64.ActiveCfg = EQ2Login|Win32
		{BE2C1914-FCCC-4F65-A7DD-105142B36104}.Release|x64.Build.0 = EQ2Login|Win32
	EndGlobalSection
	GlobalSection(SolutionProperties) = preSolution
		HideSolutionNode = FALSE
	EndGlobalSection
	GlobalSection(ExtensibilityGlobals) = postSolution
		SolutionGuid = {B28A6453-8B39-4A3D-85A6-2E6DF9AFDDEF}
	EndGlobalSection
EndGlobal
